
Microsoft Visual Studio Solution File, Format Version 12.00
# Visual Studio Version 16
VisualStudioVersion = 16.0.32228.343
MinimumVisualStudioVersion = 10.0.40219.1
Project("{FAE04EC0-301F-11D3-BF4B-00C04F79EFBC}") = "OrderService", "OrderService\OrderService.csproj", "{51007ACE-ECD9-4414-A8D7-03D0F1BBD6A3}"
EndProject
Project("{FAE04EC0-301F-11D3-BF4B-00C04F79EFBC}") = "rabbitmq-message", "rabbitmq-message\rabbitmq-message.csproj", "{388B63EC-4A65-4F6A-930C-526B817D4574}"
EndProject
Project("{FAE04EC0-301F-11D3-BF4B-00C04F79EFBC}") = "rabbitmq-saga", "rabbitmq-saga\rabbitmq-saga.csproj", "{B6534777-9D1A-4424-8538-2A71E6824FDA}"
EndProject
Project("{FAE04EC0-301F-11D3-BF4B-00C04F79EFBC}") = "saga-machine", "saga-machine\saga-machine.csproj", "{16D8740D-E106-4403-9B23-591DA308241A}"
EndProject
Project("{FAE04EC0-301F-11D3-BF4B-00C04F79EFBC}") = "StockService", "StockService\StockService.csproj", "{7388D9C7-808A-4984-A148-6E535D020B9B}"
EndProject
Global
	GlobalSection(SolutionConfigurationPlatforms) = preSolution
		Debug|Any CPU = Debug|Any CPU
		Release|Any CPU = Release|Any CPU
	EndGlobalSection
	GlobalSection(ProjectConfigurationPlatforms) = postSolution
		{51007ACE-ECD9-4414-A8D7-03D0F1BBD6A3}.Debug|Any CPU.ActiveCfg = Debug|Any CPU
		{51007ACE-ECD9-4414-A8D7-03D0F1BBD6A3}.Debug|Any CPU.Build.0 = Debug|Any CPU
		{51007ACE-ECD9-4414-A8D7-03D0F1BBD6A3}.Release|Any CPU.ActiveCfg = Release|Any CPU
		{51007ACE-ECD9-4414-A8D7-03D0F1BBD6A3}.Release|Any CPU.Build.0 = Release|Any CPU
		{388B63EC-4A65-4F6A-930C-526B817D4574}.Debug|Any CPU.ActiveCfg = Debug|Any CPU
		{388B63EC-4A65-4F6A-930C-526B817D4574}.Debug|Any CPU.Build.0 = Debug|Any CPU
		{388B63EC-4A65-4F6A-930C-526B817D4574}.Release|Any CPU.ActiveCfg = Release|Any CPU
		{388B63EC-4A65-4F6A-930C-526B817D4574}.Release|Any CPU.Build.0 = Release|Any CPU
		{B6534777-9D1A-4424-8538-2A71E6824FDA}.Debug|Any CPU.ActiveCfg = Debug|Any CPU
		{B6534777-9D1A-4424-8538-2A71E6824FDA}.Debug|Any CPU.Build.0 = Debug|Any CPU
		{B6534777-9D1A-4424-8538-2A71E6824FDA}.Release|Any CPU.ActiveCfg = Release|Any CPU
		{B6534777-9D1A-4424-8538-2A71E6824FDA}.Release|Any CPU.Build.0 = Release|Any CPU
		{16D8740D-E106-4403-9B23-591DA308241A}.Debug|Any CPU.ActiveCfg = Debug|Any CPU
		{16D8740D-E106-4403-9B23-591DA308241A}.Debug|Any CPU.Build.0 = Debug|Any CPU
		{16D8740D-E106-4403-9B23-591DA308241A}.Release|Any CPU.ActiveCfg = Release|Any CPU
		{16D8740D-E106-4403-9B23-591DA308241A}.Release|Any CPU.Build.0 = Release|Any CPU
		{7388D9C7-808A-4984-A148-6E535D020B9B}.Debug|Any CPU.ActiveCfg = Debug|Any CPU
		{7388D9C7-808A-4984-A148-6E535D020B9B}.Debug|Any CPU.Build.0 = Debug|Any CPU
		{7388D9C7-808A-4984-A148-6E535D020B9B}.Release|Any CPU.ActiveCfg = Release|Any CPU
		{7388D9C7-808A-4984-A148-6E535D020B9B}.Release|Any CPU.Build.0 = Release|Any CPU
	EndGlobalSection
	GlobalSection(SolutionProperties) = preSolution
		HideSolutionNode = FALSE
	EndGlobalSection
	GlobalSection(ExtensibilityGlobals) = postSolution
		SolutionGuid = {EFE92DC5-A92C-4657-9C92-7EF08D6FDAE8}
	EndGlobalSection
EndGlobal
